// !$*UTF8*$!
{
	archiveVersion = 1;
	classes = {
	};
	objectVersion = 77;
	objects = {

/* Begin PBXBuildFile section */
		8421E76D2E903CCD002F5E25 /* ChatView.swift in Sources */ = {isa = PBXBuildFile; fileRef = 8421E75B2E903CCD002F5E25 /* ChatView.swift */; };
		8421E76E2E903CCD002F5E25 /* DFSVOneChatApp.swift in Sources */ = {isa = PBXBuildFile; fileRef = 8421E75E2E903CCD002F5E25 /* DFSVOneChatApp.swift */; };
		8421E76F2E903CCD002F5E25 /* Item.swift in Sources */ = {isa = PBXBuildFile; fileRef = 8421E7692E903CCD002F5E25 /* Item.swift */; };
		8421E7702E903CCD002F5E25 /* ModelManager.swift in Sources */ = {isa = PBXBuildFile; fileRef = 8421E76B2E903CCD002F5E25 /* ModelManager.swift */; };
		8421E7722E903CCD002F5E25 /* Assets.xcassets in Resources */ = {isa = PBXBuildFile; fileRef = 8421E75A2E903CCD002F5E25 /* Assets.xcassets */; };
		8421E7742E903CCD002F5E25 /* README 2.md in Resources */ = {isa = PBXBuildFile; fileRef = 8421E76C2E903CCD002F5E25 /* README 2.md */; };
		8421E77C2E903D70002F5E25 /* deepseek-llm-7b-base.Q4_K_M.gguf in Resources */ = {isa = PBXBuildFile; fileRef = 8421E77B2E903D70002F5E25 /* deepseek-llm-7b-base.Q4_K_M.gguf */; };
		84F444972E74C1D500B6EC6B /* llama.xcframework in Frameworks */ = {isa = PBXBuildFile; fileRef = 84F444962E74C1D500B6EC6B /* llama.xcframework */; };
		84F444982E74C1D500B6EC6B /* llama.xcframework in Embed Frameworks */ = {isa = PBXBuildFile; fileRef = 84F444962E74C1D500B6EC6B /* llama.xcframework */; settings = {ATTRIBUTES = (CodeSignOnCopy, RemoveHeadersOnCopy, ); }; };
/* End PBXBuildFile section */

/* Begin PBXContainerItemProxy section */
		84F438CC2E74B41500B6EC6B /* PBXContainerItemProxy */ = {
			isa = PBXContainerItemProxy;
			containerPortal = 84F438B12E74B41200B6EC6B /* Project object */;
			proxyType = 1;
			remoteGlobalIDString = 84F438B82E74B41300B6EC6B;
			remoteInfo = DFSVOneChat;
		};
		84F438D62E74B41500B6EC6B /* PBXContainerItemProxy */ = {
			isa = PBXContainerItemProxy;
			containerPortal = 84F438B12E74B41200B6EC6B /* Project object */;
			proxyType = 1;
			remoteGlobalIDString = 84F438B82E74B41300B6EC6B;
			remoteInfo = DFSVOneChat;
		};
/* End PBXContainerItemProxy section */

/* Begin PBXCopyFilesBuildPhase section */
		84F444992E74C1D500B6EC6B /* Embed Frameworks */ = {
			isa = PBXCopyFilesBuildPhase;
			buildActionMask = 2147483647;
			dstPath = "";
			dstSubfolderSpec = 10;
			files = (
				84F444982E74C1D500B6EC6B /* llama.xcframework in Embed Frameworks */,
			);
			name = "Embed Frameworks";
			runOnlyForDeploymentPostprocessing = 0;
		};
/* End PBXCopyFilesBuildPhase section */

/* Begin PBXFileReference section */
		8421E75A2E903CCD002F5E25 /* Assets.xcassets */ = {isa = PBXFileReference; lastKnownFileType = folder.assetcatalog; path = Assets.xcassets; sourceTree = "<group>"; };
		8421E75B2E903CCD002F5E25 /* ChatView.swift */ = {isa = PBXFileReference; lastKnownFileType = sourcecode.swift; path = ChatView.swift; sourceTree = "<group>"; };
		8421E75D2E903CCD002F5E25 /* DFSVOneChat-Bridging-Header.h */ = {isa = PBXFileReference; lastKnownFileType = sourcecode.c.h; path = "DFSVOneChat-Bridging-Header.h"; sourceTree = "<group>"; };
		8421E75E2E903CCD002F5E25 /* DFSVOneChatApp.swift */ = {isa = PBXFileReference; lastKnownFileType = sourcecode.swift; path = DFSVOneChatApp.swift; sourceTree = "<group>"; };
		8421E75F2E903CCD002F5E25 /* ggml.h */ = {isa = PBXFileReference; lastKnownFileType = sourcecode.c.h; path = ggml.h; sourceTree = "<group>"; };
		8421E7602E903CCD002F5E25 /* ggml 2.h */ = {isa = PBXFileReference; lastKnownFileType = sourcecode.c.h; path = "ggml 2.h"; sourceTree = "<group>"; };
		8421E7612E903CCD002F5E25 /* ggml-alloc.h */ = {isa = PBXFileReference; lastKnownFileType = sourcecode.c.h; path = "ggml-alloc.h"; sourceTree = "<group>"; };
		8421E7622E903CCD002F5E25 /* ggml-backend.h */ = {isa = PBXFileReference; lastKnownFileType = sourcecode.c.h; path = "ggml-backend.h"; sourceTree = "<group>"; };
		8421E7632E903CCD002F5E25 /* ggml-common.h */ = {isa = PBXFileReference; lastKnownFileType = sourcecode.c.h; path = "ggml-common.h"; sourceTree = "<group>"; };
		8421E7642E903CCD002F5E25 /* ggml-cpu.h */ = {isa = PBXFileReference; lastKnownFileType = sourcecode.c.h; path = "ggml-cpu.h"; sourceTree = "<group>"; };
		8421E7652E903CCD002F5E25 /* ggml-impl.h */ = {isa = PBXFileReference; lastKnownFileType = sourcecode.c.h; path = "ggml-impl.h"; sourceTree = "<group>"; };
		8421E7662E903CCD002F5E25 /* ggml-quants.h */ = {isa = PBXFileReference; lastKnownFileType = sourcecode.c.h; path = "ggml-quants.h"; sourceTree = "<group>"; };
		8421E7672E903CCD002F5E25 /* ggml-threading.h */ = {isa = PBXFileReference; lastKnownFileType = sourcecode.c.h; path = "ggml-threading.h"; sourceTree = "<group>"; };
		8421E7682E903CCD002F5E25 /* gguf.h */ = {isa = PBXFileReference; lastKnownFileType = sourcecode.c.h; path = gguf.h; sourceTree = "<group>"; };
		8421E7692E903CCD002F5E25 /* Item.swift */ = {isa = PBXFileReference; lastKnownFileType = sourcecode.swift; path = Item.swift; sourceTree = "<group>"; };
		8421E76A2E903CCD002F5E25 /* llama-impl.h */ = {isa = PBXFileReference; lastKnownFileType = sourcecode.c.h; path = "llama-impl.h"; sourceTree = "<group>"; };
		8421E76B2E903CCD002F5E25 /* ModelManager.swift */ = {isa = PBXFileReference; lastKnownFileType = sourcecode.swift; path = ModelManager.swift; sourceTree = "<group>"; };
		8421E76C2E903CCD002F5E25 /* README 2.md */ = {isa = PBXFileReference; lastKnownFileType = net.daringfireball.markdown; path = "README 2.md"; sourceTree = "<group>"; };
		8421E77B2E903D70002F5E25 /* deepseek-llm-7b-base.Q4_K_M.gguf */ = {isa = PBXFileReference; lastKnownFileType = file; path = "deepseek-llm-7b-base.Q4_K_M.gguf"; sourceTree = "<group>"; };
		84F438B92E74B41300B6EC6B /* DFSVOneChat.app */ = {isa = PBXFileReference; explicitFileType = wrapper.application; includeInIndex = 0; path = DFSVOneChat.app; sourceTree = BUILT_PRODUCTS_DIR; };
		84F438CB2E74B41500B6EC6B /* DFSVOneChatTests.xctest */ = {isa = PBXFileReference; explicitFileType = wrapper.cfbundle; includeInIndex = 0; path = DFSVOneChatTests.xctest; sourceTree = BUILT_PRODUCTS_DIR; };
		84F438D52E74B41500B6EC6B /* DFSVOneChatUITests.xctest */ = {isa = PBXFileReference; explicitFileType = wrapper.cfbundle; includeInIndex = 0; path = DFSVOneChatUITests.xctest; sourceTree = BUILT_PRODUCTS_DIR; };
		84F444962E74C1D500B6EC6B /* llama.xcframework */ = {isa = PBXFileReference; lastKnownFileType = wrapper.xcframework; name = llama.xcframework; path = ../../Documents/llama.xcframework; sourceTree = "<group>"; };
/* End PBXFileReference section */

/* Begin PBXFileSystemSynchronizedRootGroup section */
		8421E77E2E910699002F5E25 /* Preview Content */ = {
			isa = PBXFileSystemSynchronizedRootGroup;
			path = "Preview Content";
			sourceTree = "<group>";
		};
		84F438CE2E74B41500B6EC6B /* DFSVOneChatTests */ = {
			isa = PBXFileSystemSynchronizedRootGroup;
			path = DFSVOneChatTests;
			sourceTree = "<group>";
		};
		84F438D82E74B41500B6EC6B /* DFSVOneChatUITests */ = {
			isa = PBXFileSystemSynchronizedRootGroup;
			path = DFSVOneChatUITests;
			sourceTree = "<group>";
		};
/* End PBXFileSystemSynchronizedRootGroup section */

/* Begin PBXFrameworksBuildPhase section */
		84F438B62E74B41300B6EC6B /* Frameworks */ = {
			isa = PBXFrameworksBuildPhase;
			buildActionMask = 2147483647;
			files = (
				84F444972E74C1D500B6EC6B /* llama.xcframework in Frameworks */,
			);
			runOnlyForDeploymentPostprocessing = 0;
		};
		84F438C82E74B41500B6EC6B /* Frameworks */ = {
			isa = PBXFrameworksBuildPhase;
			buildActionMask = 2147483647;
			files = (
			);
			runOnlyForDeploymentPostprocessing = 0;
		};
		84F438D22E74B41500B6EC6B /* Frameworks */ = {
			isa = PBXFrameworksBuildPhase;
			buildActionMask = 2147483647;
			files = (
			);
			runOnlyForDeploymentPostprocessing = 0;
		};
/* End PBXFrameworksBuildPhase section */

/* Begin PBXGroup section */
		84F438B02E74B41200B6EC6B = {
			isa = PBXGroup;
			children = (
				8421E77E2E910699002F5E25 /* Preview Content */,
				8421E75A2E903CCD002F5E25 /* Assets.xcassets */,
				8421E75B2E903CCD002F5E25 /* ChatView.swift */,
				8421E77B2E903D70002F5E25 /* deepseek-llm-7b-base.Q4_K_M.gguf */,
				8421E75D2E903CCD002F5E25 /* DFSVOneChat-Bridging-Header.h */,
				8421E75E2E903CCD002F5E25 /* DFSVOneChatApp.swift */,
				8421E75F2E903CCD002F5E25 /* ggml.h */,
				8421E7602E903CCD002F5E25 /* ggml 2.h */,
				8421E7612E903CCD002F5E25 /* ggml-alloc.h */,
				8421E7622E903CCD002F5E25 /* ggml-backend.h */,
				8421E7632E903CCD002F5E25 /* ggml-common.h */,
				8421E7642E903CCD002F5E25 /* ggml-cpu.h */,
				8421E7652E903CCD002F5E25 /* ggml-impl.h */,
				8421E7662E903CCD002F5E25 /* ggml-quants.h */,
				8421E7672E903CCD002F5E25 /* ggml-threading.h */,
				8421E7682E903CCD002F5E25 /* gguf.h */,
				8421E7692E903CCD002F5E25 /* Item.swift */,
				8421E76A2E903CCD002F5E25 /* llama-impl.h */,
				8421E76B2E903CCD002F5E25 /* ModelManager.swift */,
				8421E76C2E903CCD002F5E25 /* README 2.md */,
				84F438CE2E74B41500B6EC6B /* DFSVOneChatTests */,
				84F438D82E74B41500B6EC6B /* DFSVOneChatUITests */,
				84F444952E74C1D400B6EC6B /* Frameworks */,
				84F438BA2E74B41300B6EC6B /* Products */,
			);
			sourceTree = "<group>";
		};
		84F438BA2E74B41300B6EC6B /* Products */ = {
			isa = PBXGroup;
			children = (
				84F438B92E74B41300B6EC6B /* DFSVOneChat.app */,
				84F438CB2E74B41500B6EC6B /* DFSVOneChatTests.xctest */,
				84F438D52E74B41500B6EC6B /* DFSVOneChatUITests.xctest */,
			);
			name = Products;
			sourceTree = "<group>";
		};
		84F444952E74C1D400B6EC6B /* Frameworks */ = {
			isa = PBXGroup;
			children = (
				84F444962E74C1D500B6EC6B /* llama.xcframework */,
			);
			name = Frameworks;
			sourceTree = "<group>";
		};
/* End PBXGroup section */

/* Begin PBXNativeTarget section */
		84F438B82E74B41300B6EC6B /* DFSVOneChat */ = {
			isa = PBXNativeTarget;
			buildConfigurationList = 84F438DF2E74B41500B6EC6B /* Build configuration list for PBXNativeTarget "DFSVOneChat" */;
			buildPhases = (
				84F438B52E74B41300B6EC6B /* Sources */,
				84F438B62E74B41300B6EC6B /* Frameworks */,
				84F438B72E74B41300B6EC6B /* Resources */,
				84F444992E74C1D500B6EC6B /* Embed Frameworks */,
			);
			buildRules = (
			);
			dependencies = (
			);
			fileSystemSynchronizedGroups = (
				8421E77E2E910699002F5E25 /* Preview Content */,
			);
			name = DFSVOneChat;
			packageProductDependencies = (
			);
			productName = DFSVOneChat;
			productReference = 84F438B92E74B41300B6EC6B /* DFSVOneChat.app */;
			productType = "com.apple.product-type.application";
		};
		84F438CA2E74B41500B6EC6B /* DFSVOneChatTests */ = {
			isa = PBXNativeTarget;
			buildConfigurationList = 84F438E22E74B41500B6EC6B /* Build configuration list for PBXNativeTarget "DFSVOneChatTests" */;
			buildPhases = (
				84F438C72E74B41500B6EC6B /* Sources */,
				84F438C82E74B41500B6EC6B /* Frameworks */,
				84F438C92E74B41500B6EC6B /* Resources */,
			);
			buildRules = (
			);
			dependencies = (
				84F438CD2E74B41500B6EC6B /* PBXTargetDependency */,
			);
			fileSystemSynchronizedGroups = (
				84F438CE2E74B41500B6EC6B /* DFSVOneChatTests */,
			);
			name = DFSVOneChatTests;
			packageProductDependencies = (
			);
			productName = DFSVOneChatTests;
			productReference = 84F438CB2E74B41500B6EC6B /* DFSVOneChatTests.xctest */;
			productType = "com.apple.product-type.bundle.unit-test";
		};
		84F438D42E74B41500B6EC6B /* DFSVOneChatUITests */ = {
			isa = PBXNativeTarget;
			buildConfigurationList = 84F438E52E74B41500B6EC6B /* Build configuration list for PBXNativeTarget "DFSVOneChatUITests" */;
			buildPhases = (
				84F438D12E74B41500B6EC6B /* Sources */,
				84F438D22E74B41500B6EC6B /* Frameworks */,
				84F438D32E74B41500B6EC6B /* Resources */,
			);
			buildRules = (
			);
			dependencies = (
				84F438D72E74B41500B6EC6B /* PBXTargetDependency */,
			);
			fileSystemSynchronizedGroups = (
				84F438D82E74B41500B6EC6B /* DFSVOneChatUITests */,
			);
			name = DFSVOneChatUITests;
			packageProductDependencies = (
			);
			productName = DFSVOneChatUITests;
			productReference = 84F438D52E74B41500B6EC6B /* DFSVOneChatUITests.xctest */;
			productType = "com.apple.product-type.bundle.ui-testing";
		};
/* End PBXNativeTarget section */

/* Begin PBXProject section */
		84F438B12E74B41200B6EC6B /* Project object */ = {
			isa = PBXProject;
			attributes = {
				BuildIndependentTargetsInParallel = 1;
				LastSwiftUpdateCheck = 1620;
				LastUpgradeCheck = 1620;
				TargetAttributes = {
					84F438B82E74B41300B6EC6B = {
						CreatedOnToolsVersion = 16.2;
						LastSwiftMigration = 1620;
					};
					84F438CA2E74B41500B6EC6B = {
						CreatedOnToolsVersion = 16.2;
						TestTargetID = 84F438B82E74B41300B6EC6B;
					};
					84F438D42E74B41500B6EC6B = {
						CreatedOnToolsVersion = 16.2;
						TestTargetID = 84F438B82E74B41300B6EC6B;
					};
				};
			};
			buildConfigurationList = 84F438B42E74B41200B6EC6B /* Build configuration list for PBXProject "DFSVOneChat" */;
			developmentRegion = en;
			hasScannedForEncodings = 0;
			knownRegions = (
				en,
				Base,
			);
			mainGroup = 84F438B02E74B41200B6EC6B;
			minimizedProjectReferenceProxies = 1;
			packageReferences = (
				84F444932E74BB3B00B6EC6B /* XCRemoteSwiftPackageReference "llama" */,
			);
			preferredProjectObjectVersion = 77;
			productRefGroup = 84F438BA2E74B41300B6EC6B /* Products */;
			projectDirPath = "";
			projectRoot = "";
			targets = (
				84F438B82E74B41300B6EC6B /* DFSVOneChat */,
				84F438CA2E74B41500B6EC6B /* DFSVOneChatTests */,
				84F438D42E74B41500B6EC6B /* DFSVOneChatUITests */,
			);
		};
/* End PBXProject section */

/* Begin PBXResourcesBuildPhase section */
		84F438B72E74B41300B6EC6B /* Resources */ = {
			isa = PBXResourcesBuildPhase;
			buildActionMask = 2147483647;
			files = (
				8421E77C2E903D70002F5E25 /* deepseek-llm-7b-base.Q4_K_M.gguf in Resources */,
				8421E7722E903CCD002F5E25 /* Assets.xcassets in Resources */,
				8421E7742E903CCD002F5E25 /* README 2.md in Resources */,
			);
			runOnlyForDeploymentPostprocessing = 0;
		};
		84F438C92E74B41500B6EC6B /* Resources */ = {
			isa = PBXResourcesBuildPhase;
			buildActionMask = 2147483647;
			files = (
			);
			runOnlyForDeploymentPostprocessing = 0;
		};
		84F438D32E74B41500B6EC6B /* Resources */ = {
			isa = PBXResourcesBuildPhase;
			buildActionMask = 2147483647;
			files = (
			);
			runOnlyForDeploymentPostprocessing = 0;
		};
/* End PBXResourcesBuildPhase section */

/* Begin PBXSourcesBuildPhase section */
		84F438B52E74B41300B6EC6B /* Sources */ = {
			isa = PBXSourcesBuildPhase;
			buildActionMask = 2147483647;
			files = (
				8421E76D2E903CCD002F5E25 /* ChatView.swift in Sources */,
				8421E76E2E903CCD002F5E25 /* DFSVOneChatApp.swift in Sources */,
				8421E76F2E903CCD002F5E25 /* Item.swift in Sources */,
				8421E7702E903CCD002F5E25 /* ModelManager.swift in Sources */,
			);
			runOnlyForDeploymentPostprocessing = 0;
		};
		84F438C72E74B41500B6EC6B /* Sources */ = {
			isa = PBXSourcesBuildPhase;
			buildActionMask = 2147483647;
			files = (
			);
			runOnlyForDeploymentPostprocessing = 0;
		};
		84F438D12E74B41500B6EC6B /* Sources */ = {
			isa = PBXSourcesBuildPhase;
			buildActionMask = 2147483647;
			files = (
			);
			runOnlyForDeploymentPostprocessing = 0;
		};
/* End PBXSourcesBuildPhase section */

/* Begin PBXTargetDependency section */
		84F438CD2E74B41500B6EC6B /* PBXTargetDependency */ = {
			isa = PBXTargetDependency;
			target = 84F438B82E74B41300B6EC6B /* DFSVOneChat */;
			targetProxy = 84F438CC2E74B41500B6EC6B /* PBXContainerItemProxy */;
		};
		84F438D72E74B41500B6EC6B /* PBXTargetDependency */ = {
			isa = PBXTargetDependency;
			target = 84F438B82E74B41300B6EC6B /* DFSVOneChat */;
			targetProxy = 84F438D62E74B41500B6EC6B /* PBXContainerItemProxy */;
		};
/* End PBXTargetDependency section */

/* Begin XCBuildConfiguration section */
		84F438DD2E74B41500B6EC6B /* Debug */ = {
			isa = XCBuildConfiguration;
			buildSettings = {
				ALWAYS_SEARCH_USER_PATHS = NO;
				ASSETCATALOG_COMPILER_GENERATE_SWIFT_ASSET_SYMBOL_EXTENSIONS = YES;
				CLANG_ANALYZER_NONNULL = YES;
				CLANG_ANALYZER_NUMBER_OBJECT_CONVERSION = YES_AGGRESSIVE;
				CLANG_CXX_LANGUAGE_STANDARD = "gnu++20";
				CLANG_ENABLE_MODULES = YES;
				CLANG_ENABLE_OBJC_ARC = YES;
				CLANG_ENABLE_OBJC_WEAK = YES;
				CLANG_WARN_BLOCK_CAPTURE_AUTORELEASING = YES;
				CLANG_WARN_BOOL_CONVERSION = YES;
				CLANG_WARN_COMMA = YES;
				CLANG_WARN_CONSTANT_CONVERSION = YES;
				CLANG_WARN_DEPRECATED_OBJC_IMPLEMENTATIONS = YES;
				CLANG_WARN_DIRECT_OBJC_ISA_USAGE = YES_ERROR;
				CLANG_WARN_DOCUMENTATION_COMMENTS = YES;
				CLANG_WARN_EMPTY_BODY = YES;
				CLANG_WARN_ENUM_CONVERSION = YES;
				CLANG_WARN_INFINITE_RECURSION = YES;
				CLANG_WARN_INT_CONVERSION = YES;
				CLANG_WARN_NON_LITERAL_NULL_CONVERSION = YES;
				CLANG_WARN_OBJC_IMPLICIT_RETAIN_SELF = YES;
				CLANG_WARN_OBJC_LITERAL_CONVERSION = YES;
				CLANG_WARN_OBJC_ROOT_CLASS = YES_ERROR;
				CLANG_WARN_QUOTED_INCLUDE_IN_FRAMEWORK_HEADER = YES;
				CLANG_WARN_RANGE_LOOP_ANALYSIS = YES;
				CLANG_WARN_STRICT_PROTOTYPES = YES;
				CLANG_WARN_SUSPICIOUS_MOVE = YES;
				CLANG_WARN_UNGUARDED_AVAILABILITY = YES_AGGRESSIVE;
				CLANG_WARN_UNREACHABLE_CODE = YES;
				CLANG_WARN__DUPLICATE_METHOD_MATCH = YES;
				COPY_PHASE_STRIP = NO;
				DEBUG_INFORMATION_FORMAT = dwarf;
				ENABLE_STRICT_OBJC_MSGSEND = YES;
				ENABLE_TESTABILITY = YES;
				ENABLE_USER_SCRIPT_SANDBOXING = YES;
				GCC_C_LANGUAGE_STANDARD = gnu17;
				GCC_DYNAMIC_NO_PIC = NO;
				GCC_NO_COMMON_BLOCKS = YES;
				GCC_OPTIMIZATION_LEVEL = 0;
				GCC_PREPROCESSOR_DEFINITIONS = (
					"DEBUG=1",
					"$(inherited)",
				);
				GCC_WARN_64_TO_32_BIT_CONVERSION = YES;
				GCC_WARN_ABOUT_RETURN_TYPE = YES_ERROR;
				GCC_WARN_UNDECLARED_SELECTOR = YES;
				GCC_WARN_UNINITIALIZED_AUTOS = YES_AGGRESSIVE;
				GCC_WARN_UNUSED_FUNCTION = YES;
				GCC_WARN_UNUSED_VARIABLE = YES;
				IPHONEOS_DEPLOYMENT_TARGET = 18.2;
				LOCALIZATION_PREFERS_STRING_CATALOGS = YES;
				MTL_ENABLE_DEBUG_INFO = INCLUDE_SOURCE;
				MTL_FAST_MATH = YES;
				ONLY_ACTIVE_ARCH = YES;
				SDKROOT = iphoneos;
				SWIFT_ACTIVE_COMPILATION_CONDITIONS = "DEBUG $(inherited)";
				SWIFT_OPTIMIZATION_LEVEL = "-Onone";
			};
			name = Debug;
		};
		84F438DE2E74B41500B6EC6B /* Release */ = {
			isa = XCBuildConfiguration;
			buildSettings = {
				ALWAYS_SEARCH_USER_PATHS = NO;
				ASSETCATALOG_COMPILER_GENERATE_SWIFT_ASSET_SYMBOL_EXTENSIONS = YES;
				CLANG_ANALYZER_NONNULL = YES;
				CLANG_ANALYZER_NUMBER_OBJECT_CONVERSION = YES_AGGRESSIVE;
				CLANG_CXX_LANGUAGE_STANDARD = "gnu++20";
				CLANG_ENABLE_MODULES = YES;
				CLANG_ENABLE_OBJC_ARC = YES;
				CLANG_ENABLE_OBJC_WEAK = YES;
				CLANG_WARN_BLOCK_CAPTURE_AUTORELEASING = YES;
				CLANG_WARN_BOOL_CONVERSION = YES;
				CLANG_WARN_COMMA = YES;
				CLANG_WARN_CONSTANT_CONVERSION = YES;
				CLANG_WARN_DEPRECATED_OBJC_IMPLEMENTATIONS = YES;
				CLANG_WARN_DIRECT_OBJC_ISA_USAGE = YES_ERROR;
				CLANG_WARN_DOCUMENTATION_COMMENTS = YES;
				CLANG_WARN_EMPTY_BODY = YES;
				CLANG_WARN_ENUM_CONVERSION = YES;
				CLANG_WARN_INFINITE_RECURSION = YES;
				CLANG_WARN_INT_CONVERSION = YES;
				CLANG_WARN_NON_LITERAL_NULL_CONVERSION = YES;
				CLANG_WARN_OBJC_IMPLICIT_RETAIN_SELF = YES;
				CLANG_WARN_OBJC_LITERAL_CONVERSION = YES;
				CLANG_WARN_OBJC_ROOT_CLASS = YES_ERROR;
				CLANG_WARN_QUOTED_INCLUDE_IN_FRAMEWORK_HEADER = YES;
				CLANG_WARN_RANGE_LOOP_ANALYSIS = YES;
				CLANG_WARN_STRICT_PROTOTYPES = YES;
				CLANG_WARN_SUSPICIOUS_MOVE = YES;
				CLANG_WARN_UNGUARDED_AVAILABILITY = YES_AGGRESSIVE;
				CLANG_WARN_UNREACHABLE_CODE = YES;
				CLANG_WARN__DUPLICATE_METHOD_MATCH = YES;
				COPY_PHASE_STRIP = NO;
				DEBUG_INFORMATION_FORMAT = "dwarf-with-dsym";
				ENABLE_NS_ASSERTIONS = NO;
				ENABLE_STRICT_OBJC_MSGSEND = YES;
				ENABLE_USER_SCRIPT_SANDBOXING = YES;
				GCC_C_LANGUAGE_STANDARD = gnu17;
				GCC_NO_COMMON_BLOCKS = YES;
				GCC_WARN_64_TO_32_BIT_CONVERSION = YES;
				GCC_WARN_ABOUT_RETURN_TYPE = YES_ERROR;
				GCC_WARN_UNDECLARED_SELECTOR = YES;
				GCC_WARN_UNINITIALIZED_AUTOS = YES_AGGRESSIVE;
				GCC_WARN_UNUSED_FUNCTION = YES;
				GCC_WARN_UNUSED_VARIABLE = YES;
				IPHONEOS_DEPLOYMENT_TARGET = 18.2;
				LOCALIZATION_PREFERS_STRING_CATALOGS = YES;
				MTL_ENABLE_DEBUG_INFO = NO;
				MTL_FAST_MATH = YES;
				SDKROOT = iphoneos;
				SWIFT_COMPILATION_MODE = wholemodule;
				VALIDATE_PRODUCT = YES;
			};
			name = Release;
		};
		84F438E02E74B41500B6EC6B /* Debug */ = {
			isa = XCBuildConfiguration;
			buildSettings = {
				ASSETCATALOG_COMPILER_APPICON_NAME = AppIcon;
				ASSETCATALOG_COMPILER_GLOBAL_ACCENT_COLOR_NAME = AccentColor;
				CLANG_ENABLE_MODULES = YES;
				CODE_SIGN_STYLE = Automatic;
				CURRENT_PROJECT_VERSION = 1;
				DEVELOPMENT_ASSET_PATHS = "\"DFSVOneChat/Preview Content\"";
				DEVELOPMENT_TEAM = TE844VF3PC;
				ENABLE_PREVIEWS = YES;
				GENERATE_INFOPLIST_FILE = YES;
				INFOPLIST_KEY_CFBundleDisplayName = DFSv1;
				INFOPLIST_KEY_UIApplicationSceneManifest_Generation = YES;
				INFOPLIST_KEY_UIApplicationSupportsIndirectInputEvents = YES;
				INFOPLIST_KEY_UILaunchScreen_Generation = YES;
				INFOPLIST_KEY_UISupportedInterfaceOrientations_iPad = "UIInterfaceOrientationPortrait UIInterfaceOrientationPortraitUpsideDown UIInterfaceOrientationLandscapeLeft UIInterfaceOrientationLandscapeRight";
				INFOPLIST_KEY_UISupportedInterfaceOrientations_iPhone = "UIInterfaceOrientationPortrait UIInterfaceOrientationLandscapeLeft UIInterfaceOrientationLandscapeRight";
				LD_RUNPATH_SEARCH_PATHS = (
					"$(inherited)",
					"@executable_path/Frameworks",
				);
				MARKETING_VERSION = 1.0;
				PRODUCT_BUNDLE_IDENTIFIER = com.arshwin.DFSVOneChat;
				PRODUCT_NAME = "$(TARGET_NAME)";
				SWIFT_EMIT_LOC_STRINGS = YES;
				SWIFT_OBJC_BRIDGING_HEADER = "DFSVOneChat/DFSVOneChat-Bridging-Header.h";
				SWIFT_OPTIMIZATION_LEVEL = "-Onone";
				SWIFT_VERSION = 5.0;
				TARGETED_DEVICE_FAMILY = "1,2";
			};
			name = Debug;
		};
		84F438E12E74B41500B6EC6B /* Release */ = {
			isa = XCBuildConfiguration;
			buildSettings = {
				ASSETCATALOG_COMPILER_APPICON_NAME = AppIcon;
				ASSETCATALOG_COMPILER_GLOBAL_ACCENT_COLOR_NAME = AccentColor;
				CLANG_ENABLE_MODULES = YES;
				CODE_SIGN_STYLE = Automatic;
				CURRENT_PROJECT_VERSION = 1;
				DEVELOPMENT_ASSET_PATHS = "\"DFSVOneChat/Preview Content\"";
				DEVELOPMENT_TEAM = TE844VF3PC;
				ENABLE_PREVIEWS = YES;
				GENERATE_INFOPLIST_FILE = YES;
				INFOPLIST_KEY_CFBundleDisplayName = DFSv1;
				INFOPLIST_KEY_UIApplicationSceneManifest_Generation = YES;
				INFOPLIST_KEY_UIApplicationSupportsIndirectInputEvents = YES;
				INFOPLIST_KEY_UILaunchScreen_Generation = YES;
				INFOPLIST_KEY_UISupportedInterfaceOrientations_iPad = "UIInterfaceOrientationPortrait UIInterfaceOrientationPortraitUpsideDown UIInterfaceOrientationLandscapeLeft UIInterfaceOrientationLandscapeRight";
				INFOPLIST_KEY_UISupportedInterfaceOrientations_iPhone = "UIInterfaceOrientationPortrait UIInterfaceOrientationLandscapeLeft UIInterfaceOrientationLandscapeRight";
				LD_RUNPATH_SEARCH_PATHS = (
					"$(inherited)",
					"@executable_path/Frameworks",
				);
				MARKETING_VERSION = 1.0;
				PRODUCT_BUNDLE_IDENTIFIER = com.arshwin.DFSVOneChat;
				PRODUCT_NAME = "$(TARGET_NAME)";
				SWIFT_EMIT_LOC_STRINGS = YES;
				SWIFT_OBJC_BRIDGING_HEADER = "DFSVOneChat/DFSVOneChat-Bridging-Header.h";
				SWIFT_VERSION = 5.0;
				TARGETED_DEVICE_FAMILY = "1,2";
			};
			name = Release;
		};
		84F438E32E74B41500B6EC6B /* Debug */ = {
			isa = XCBuildConfiguration;
			buildSettings = {
				BUNDLE_LOADER = "$(TEST_HOST)";
				CODE_SIGN_STYLE = Automatic;
				CURRENT_PROJECT_VERSION = 1;
				DEVELOPMENT_TEAM = TE844VF3PC;
				GENERATE_INFOPLIST_FILE = YES;
				IPHONEOS_DEPLOYMENT_TARGET = 18.2;
				MARKETING_VERSION = 1.0;
				PRODUCT_BUNDLE_IDENTIFIER = com.arshwin.DFSVOneChatTests;
				PRODUCT_NAME = "$(TARGET_NAME)";
				SWIFT_EMIT_LOC_STRINGS = NO;
				SWIFT_VERSION = 5.0;
				TARGETED_DEVICE_FAMILY = "1,2";
				TEST_HOST = "$(BUILT_PRODUCTS_DIR)/DFSVOneChat.app/$(BUNDLE_EXECUTABLE_FOLDER_PATH)/DFSVOneChat";
			};
			name = Debug;
		};
		84F438E42E74B41500B6EC6B /* Release */ = {
			isa = XCBuildConfiguration;
			buildSettings = {
				BUNDLE_LOADER = "$(TEST_HOST)";
				CODE_SIGN_STYLE = Automatic;
				CURRENT_PROJECT_VERSION = 1;
				DEVELOPMENT_TEAM = TE844VF3PC;
				GENERATE_INFOPLIST_FILE = YES;
				IPHONEOS_DEPLOYMENT_TARGET = 18.2;
				MARKETING_VERSION = 1.0;
				PRODUCT_BUNDLE_IDENTIFIER = com.arshwin.DFSVOneChatTests;
				PRODUCT_NAME = "$(TARGET_NAME)";
				SWIFT_EMIT_LOC_STRINGS = NO;
				SWIFT_VERSION = 5.0;
				TARGETED_DEVICE_FAMILY = "1,2";
				TEST_HOST = "$(BUILT_PRODUCTS_DIR)/DFSVOneChat.app/$(BUNDLE_EXECUTABLE_FOLDER_PATH)/DFSVOneChat";
			};
			name = Release;
		};
		84F438E62E74B41500B6EC6B /* Debug */ = {
			isa = XCBuildConfiguration;
			buildSettings = {
				CODE_SIGN_STYLE = Automatic;
				CURRENT_PROJECT_VERSION = 1;
				DEVELOPMENT_TEAM = TE844VF3PC;
				GENERATE_INFOPLIST_FILE = YES;
				MARKETING_VERSION = 1.0;
				PRODUCT_BUNDLE_IDENTIFIER = com.arshwin.DFSVOneChatUITests;
				PRODUCT_NAME = "$(TARGET_NAME)";
				SWIFT_EMIT_LOC_STRINGS = NO;
				SWIFT_VERSION = 5.0;
				TARGETED_DEVICE_FAMILY = "1,2";
				TEST_TARGET_NAME = DFSVOneChat;
			};
			name = Debug;
		};
		84F438E72E74B41500B6EC6B /* Release */ = {
			isa = XCBuildConfiguration;
			buildSettings = {
				CODE_SIGN_STYLE = Automatic;
				CURRENT_PROJECT_VERSION = 1;
				DEVELOPMENT_TEAM = TE844VF3PC;
				GENERATE_INFOPLIST_FILE = YES;
				MARKETING_VERSION = 1.0;
				PRODUCT_BUNDLE_IDENTIFIER = com.arshwin.DFSVOneChatUITests;
				PRODUCT_NAME = "$(TARGET_NAME)";
				SWIFT_EMIT_LOC_STRINGS = NO;
				SWIFT_VERSION = 5.0;
				TARGETED_DEVICE_FAMILY = "1,2";
				TEST_TARGET_NAME = DFSVOneChat;
			};
			name = Release;
		};
/* End XCBuildConfiguration section */

/* Begin XCConfigurationList section */
		84F438B42E74B41200B6EC6B /* Build configuration list for PBXProject "DFSVOneChat" */ = {
			isa = XCConfigurationList;
			buildConfigurations = (
				84F438DD2E74B41500B6EC6B /* Debug */,
				84F438DE2E74B41500B6EC6B /* Release */,
			);
			defaultConfigurationIsVisible = 0;
			defaultConfigurationName = Release;
		};
		84F438DF2E74B41500B6EC6B /* Build configuration list for PBXNativeTarget "DFSVOneChat" */ = {
			isa = XCConfigurationList;
			buildConfigurations = (
				84F438E02E74B41500B6EC6B /* Debug */,
				84F438E12E74B41500B6EC6B /* Release */,
			);
			defaultConfigurationIsVisible = 0;
			defaultConfigurationName = Release;
		};
		84F438E22E74B41500B6EC6B /* Build configuration list for PBXNativeTarget "DFSVOneChatTests" */ = {
			isa = XCConfigurationList;
			buildConfigurations = (
				84F438E32E74B41500B6EC6B /* Debug */,
				84F438E42E74B41500B6EC6B /* Release */,
			);
			defaultConfigurationIsVisible = 0;
			defaultConfigurationName = Release;
		};
		84F438E52E74B41500B6EC6B /* Build configuration list for PBXNativeTarget "DFSVOneChatUITests" */ = {
			isa = XCConfigurationList;
			buildConfigurations = (
				84F438E62E74B41500B6EC6B /* Debug */,
				84F438E72E74B41500B6EC6B /* Release */,
			);
			defaultConfigurationIsVisible = 0;
			defaultConfigurationName = Release;
		};
/* End XCConfigurationList section */

/* Begin XCRemoteSwiftPackageReference section */
		84F444932E74BB3B00B6EC6B /* XCRemoteSwiftPackageReference "llama" */ = {
			isa = XCRemoteSwiftPackageReference;
			repositoryURL = "https://github.com/ggerganov/llama.cpp";
			requirement = {
				branch = master;
				kind = branch;
			};
		};
/* End XCRemoteSwiftPackageReference section */
	};
	rootObject = 84F438B12E74B41200B6EC6B /* Project object */;
}
